
Microsoft Visual Studio Solution File, Format Version 12.00
# Visual Studio Version 17
VisualStudioVersion = 17.6.33829.357
MinimumVisualStudioVersion = 10.0.40219.1
Project("{FAE04EC0-301F-11D3-BF4B-00C04F79EFBC}") = "WordCounter", "WordCounter\WordCounter.csproj", "{0FFF8C49-D189-41DA-8D85-9E38690DD664}"
EndProject
Global
	GlobalSection(SolutionConfigurationPlatforms) = preSolution
		Debug|Any CPU = Debug|Any CPU
		Release|Any CPU = Release|Any CPU
	EndGlobalSection
	GlobalSection(ProjectConfigurationPlatforms) = postSolution
		{0FFF8C49-D189-41DA-8D85-9E38690DD664}.Debug|Any CPU.ActiveCfg = Debug|Any CPU
		{0FFF8C49-D189-41DA-8D85-9E38690DD664}.Debug|Any CPU.Build.0 = Debug|Any CPU
		{0FFF8C49-D189-41DA-8D85-9E38690DD664}.Release|Any CPU.ActiveCfg = Release|Any CPU
		{0FFF8C49-D189-41DA-8D85-9E38690DD664}.Release|Any CPU.Build.0 = Release|Any CPU
	EndGlobalSection
	GlobalSection(SolutionProperties) = preSolution
		HideSolutionNode = FALSE
	EndGlobalSection
	GlobalSection(ExtensibilityGlobals) = postSolution
		SolutionGuid = {9C9E5F04-3D2D-4B42-A89B-3C9557C53E93}
	EndGlobalSection
EndGlobal
